
Microsoft Visual Studio Solution File, Format Version 12.00
Project("{FAE04EC0-301F-11D3-BF4B-00C04F79EFBC}") = "HCP.Torrents", "HCP.Torrents.csproj", "{322A4D5A-E969-463D-84C8-A9195CB41492}"
EndProject
Project("{2150E333-8FDC-42A3-9474-1A3956D46DE8}") = "Solution Items", "Solution Items", "{DB0D674A-A028-4217-AECD-1203E90250F6}"
	ProjectSection(SolutionItems) = preProject
		compose.yaml = compose.yaml
	EndProjectSection
EndProject
Global
	GlobalSection(SolutionConfigurationPlatforms) = preSolution
		Debug|Any CPU = Debug|Any CPU
		Release|Any CPU = Release|Any CPU
	EndGlobalSection
	GlobalSection(ProjectConfigurationPlatforms) = postSolution
		{322A4D5A-E969-463D-84C8-A9195CB41492}.Debug|Any CPU.ActiveCfg = Debug|Any CPU
		{322A4D5A-E969-463D-84C8-A9195CB41492}.Debug|Any CPU.Build.0 = Debug|Any CPU
		{322A4D5A-E969-463D-84C8-A9195CB41492}.Release|Any CPU.ActiveCfg = Release|Any CPU
		{322A4D5A-E969-463D-84C8-A9195CB41492}.Release|Any CPU.Build.0 = Release|Any CPU
	EndGlobalSection
EndGlobal
